
Microsoft Visual Studio Solution File, Format Version 10.00
# Visual Studio 2008
Project("{FAE04EC0-301F-11D3-BF4B-00C04F79EFBC}") = "libskills", "Linux\libskills\libskills.csproj", "{B3C8D4E2-995A-4C38-BD45-0C5D16E21CC3}"
EndProject
Project("{FAE04EC0-301F-11D3-BF4B-00C04F79EFBC}") = "libgames", "Linux\libgames\libgames.csproj", "{2103AE08-B417-45CE-8761-BF3E2071FA88}"
EndProject
Global
	GlobalSection(SolutionConfigurationPlatforms) = preSolution
		Debug|Any CPU = Debug|Any CPU
		Debug|Mixed Platforms = Debug|Mixed Platforms
		Debug|Win32 = Debug|Win32
		Debug1076|Any CPU = Debug1076|Any CPU
		Debug1076|Mixed Platforms = Debug1076|Mixed Platforms
		Debug1076|Win32 = Debug1076|Win32
		Debug1105|Any CPU = Debug1105|Any CPU
		Debug1105|Mixed Platforms = Debug1105|Mixed Platforms
		Debug1105|Win32 = Debug1105|Win32
		Debug1264|Any CPU = Debug1264|Any CPU
		Debug1264|Mixed Platforms = Debug1264|Mixed Platforms
		Debug1264|Win32 = Debug1264|Win32
		Debug1330|Any CPU = Debug1330|Any CPU
		Debug1330|Mixed Platforms = Debug1330|Mixed Platforms
		Debug1330|Win32 = Debug1330|Win32
		Debug1395|Any CPU = Debug1395|Any CPU
		Debug1395|Mixed Platforms = Debug1395|Mixed Platforms
		Debug1395|Win32 = Debug1395|Win32
		Debug1600|Any CPU = Debug1600|Any CPU
		Debug1600|Mixed Platforms = Debug1600|Mixed Platforms
		Debug1600|Win32 = Debug1600|Win32
		Debug1660|Any CPU = Debug1660|Any CPU
		Debug1660|Mixed Platforms = Debug1660|Mixed Platforms
		Debug1660|Win32 = Debug1660|Win32
		Debug270|Any CPU = Debug270|Any CPU
		Debug270|Mixed Platforms = Debug270|Mixed Platforms
		Debug270|Win32 = Debug270|Win32
		Debug422|Any CPU = Debug422|Any CPU
		Debug422|Mixed Platforms = Debug422|Mixed Platforms
		Debug422|Win32 = Debug422|Win32
		Debug997|Any CPU = Debug997|Any CPU
		Debug997|Mixed Platforms = Debug997|Mixed Platforms
		Debug997|Win32 = Debug997|Win32
		Release|Any CPU = Release|Any CPU
		Release|Mixed Platforms = Release|Mixed Platforms
		Release|Win32 = Release|Win32
		Release1076|Any CPU = Release1076|Any CPU
		Release1076|Mixed Platforms = Release1076|Mixed Platforms
		Release1076|Win32 = Release1076|Win32
		Release1105|Any CPU = Release1105|Any CPU
		Release1105|Mixed Platforms = Release1105|Mixed Platforms
		Release1105|Win32 = Release1105|Win32
		Release1264|Any CPU = Release1264|Any CPU
		Release1264|Mixed Platforms = Release1264|Mixed Platforms
		Release1264|Win32 = Release1264|Win32
		Release1330|Any CPU = Release1330|Any CPU
		Release1330|Mixed Platforms = Release1330|Mixed Platforms
		Release1330|Win32 = Release1330|Win32
		Release1395|Any CPU = Release1395|Any CPU
		Release1395|Mixed Platforms = Release1395|Mixed Platforms
		Release1395|Win32 = Release1395|Win32
		Release1600|Any CPU = Release1600|Any CPU
		Release1600|Mixed Platforms = Release1600|Mixed Platforms
		Release1600|Win32 = Release1600|Win32
		Release1660|Any CPU = Release1660|Any CPU
		Release1660|Mixed Platforms = Release1660|Mixed Platforms
		Release1660|Win32 = Release1660|Win32
		Release270|Any CPU = Release270|Any CPU
		Release270|Mixed Platforms = Release270|Mixed Platforms
		Release270|Win32 = Release270|Win32
		Release422|Any CPU = Release422|Any CPU
		Release422|Mixed Platforms = Release422|Mixed Platforms
		Release422|Win32 = Release422|Win32
		Release997|Any CPU = Release997|Any CPU
		Release997|Mixed Platforms = Release997|Mixed Platforms
		Release997|Win32 = Release997|Win32
	EndGlobalSection
	GlobalSection(ProjectConfigurationPlatforms) = postSolution
		{B3C8D4E2-995A-4C38-BD45-0C5D16E21CC3}.Debug|Any CPU.ActiveCfg = Debug1660|Any CPU
		{B3C8D4E2-995A-4C38-BD45-0C5D16E21CC3}.Debug|Any CPU.Build.0 = Debug1660|Any CPU
		{B3C8D4E2-995A-4C38-BD45-0C5D16E21CC3}.Debug|Mixed Platforms.ActiveCfg = Debug1660|Any CPU
		{B3C8D4E2-995A-4C38-BD45-0C5D16E21CC3}.Debug|Mixed Platforms.Build.0 = Debug1660|Any CPU
		{B3C8D4E2-995A-4C38-BD45-0C5D16E21CC3}.Debug|Win32.ActiveCfg = Debug1660|Any CPU
		{B3C8D4E2-995A-4C38-BD45-0C5D16E21CC3}.Debug1076|Any CPU.ActiveCfg = Debug1660|Any CPU
		{B3C8D4E2-995A-4C38-BD45-0C5D16E21CC3}.Debug1076|Any CPU.Build.0 = Debug1660|Any CPU
		{B3C8D4E2-995A-4C38-BD45-0C5D16E21CC3}.Debug1076|Mixed Platforms.ActiveCfg = Debug1660|Any CPU
		{B3C8D4E2-995A-4C38-BD45-0C5D16E21CC3}.Debug1076|Mixed Platforms.Build.0 = Debug1660|Any CPU
		{B3C8D4E2-995A-4C38-BD45-0C5D16E21CC3}.Debug1076|Win32.ActiveCfg = Debug1660|Any CPU
		{B3C8D4E2-995A-4C38-BD45-0C5D16E21CC3}.Debug1105|Any CPU.ActiveCfg = Debug1660|Any CPU
		{B3C8D4E2-995A-4C38-BD45-0C5D16E21CC3}.Debug1105|Any CPU.Build.0 = Debug1660|Any CPU
		{B3C8D4E2-995A-4C38-BD45-0C5D16E21CC3}.Debug1105|Mixed Platforms.ActiveCfg = Debug1660|Any CPU
		{B3C8D4E2-995A-4C38-BD45-0C5D16E21CC3}.Debug1105|Mixed Platforms.Build.0 = Debug1660|Any CPU
		{B3C8D4E2-995A-4C38-BD45-0C5D16E21CC3}.Debug1105|Win32.ActiveCfg = Debug1660|Any CPU
		{B3C8D4E2-995A-4C38-BD45-0C5D16E21CC3}.Debug1264|Any CPU.ActiveCfg = Debug1660|Any CPU
		{B3C8D4E2-995A-4C38-BD45-0C5D16E21CC3}.Debug1264|Any CPU.Build.0 = Debug1660|Any CPU
		{B3C8D4E2-995A-4C38-BD45-0C5D16E21CC3}.Debug1264|Mixed Platforms.ActiveCfg = Debug1660|Any CPU
		{B3C8D4E2-995A-4C38-BD45-0C5D16E21CC3}.Debug1264|Mixed Platforms.Build.0 = Debug1660|Any CPU
		{B3C8D4E2-995A-4C38-BD45-0C5D16E21CC3}.Debug1264|Win32.ActiveCfg = Debug1660|Any CPU
		{B3C8D4E2-995A-4C38-BD45-0C5D16E21CC3}.Debug1330|Any CPU.ActiveCfg = Debug1660|Any CPU
		{B3C8D4E2-995A-4C38-BD45-0C5D16E21CC3}.Debug1330|Any CPU.Build.0 = Debug1660|Any CPU
		{B3C8D4E2-995A-4C38-BD45-0C5D16E21CC3}.Debug1330|Mixed Platforms.ActiveCfg = Debug1660|Any CPU
		{B3C8D4E2-995A-4C38-BD45-0C5D16E21CC3}.Debug1330|Mixed Platforms.Build.0 = Debug1660|Any CPU
		{B3C8D4E2-995A-4C38-BD45-0C5D16E21CC3}.Debug1330|Win32.ActiveCfg = Debug1660|Any CPU
		{B3C8D4E2-995A-4C38-BD45-0C5D16E21CC3}.Debug1395|Any CPU.ActiveCfg = Debug1660|Any CPU
		{B3C8D4E2-995A-4C38-BD45-0C5D16E21CC3}.Debug1395|Any CPU.Build.0 = Debug1660|Any CPU
		{B3C8D4E2-995A-4C38-BD45-0C5D16E21CC3}.Debug1395|Mixed Platforms.ActiveCfg = Debug1660|Any CPU
		{B3C8D4E2-995A-4C38-BD45-0C5D16E21CC3}.Debug1395|Mixed Platforms.Build.0 = Debug1660|Any CPU
		{B3C8D4E2-995A-4C38-BD45-0C5D16E21CC3}.Debug1395|Win32.ActiveCfg = Debug1660|Any CPU
		{B3C8D4E2-995A-4C38-BD45-0C5D16E21CC3}.Debug1600|Any CPU.ActiveCfg = Debug1660|Any CPU
		{B3C8D4E2-995A-4C38-BD45-0C5D16E21CC3}.Debug1600|Any CPU.Build.0 = Debug1660|Any CPU
		{B3C8D4E2-995A-4C38-BD45-0C5D16E21CC3}.Debug1600|Mixed Platforms.ActiveCfg = Debug1660|Any CPU
		{B3C8D4E2-995A-4C38-BD45-0C5D16E21CC3}.Debug1600|Mixed Platforms.Build.0 = Debug1660|Any CPU
		{B3C8D4E2-995A-4C38-BD45-0C5D16E21CC3}.Debug1600|Win32.ActiveCfg = Debug1660|Any CPU
		{B3C8D4E2-995A-4C38-BD45-0C5D16E21CC3}.Debug1660|Any CPU.ActiveCfg = Debug1660|Any CPU
		{B3C8D4E2-995A-4C38-BD45-0C5D16E21CC3}.Debug1660|Any CPU.Build.0 = Debug1660|Any CPU
		{B3C8D4E2-995A-4C38-BD45-0C5D16E21CC3}.Debug1660|Mixed Platforms.ActiveCfg = Debug1660|Any CPU
		{B3C8D4E2-995A-4C38-BD45-0C5D16E21CC3}.Debug1660|Mixed Platforms.Build.0 = Debug1660|Any CPU
		{B3C8D4E2-995A-4C38-BD45-0C5D16E21CC3}.Debug1660|Win32.ActiveCfg = Debug1660|Any CPU
		{B3C8D4E2-995A-4C38-BD45-0C5D16E21CC3}.Debug270|Any CPU.ActiveCfg = Debug1660|Any CPU
		{B3C8D4E2-995A-4C38-BD45-0C5D16E21CC3}.Debug270|Any CPU.Build.0 = Debug1660|Any CPU
		{B3C8D4E2-995A-4C38-BD45-0C5D16E21CC3}.Debug270|Mixed Platforms.ActiveCfg = Debug1660|Any CPU
		{B3C8D4E2-995A-4C38-BD45-0C5D16E21CC3}.Debug270|Mixed Platforms.Build.0 = Debug1660|Any CPU
		{B3C8D4E2-995A-4C38-BD45-0C5D16E21CC3}.Debug270|Win32.ActiveCfg = Debug1660|Any CPU
		{B3C8D4E2-995A-4C38-BD45-0C5D16E21CC3}.Debug422|Any CPU.ActiveCfg = Debug1660|Any CPU
		{B3C8D4E2-995A-4C38-BD45-0C5D16E21CC3}.Debug422|Any CPU.Build.0 = Debug1660|Any CPU
		{B3C8D4E2-995A-4C38-BD45-0C5D16E21CC3}.Debug422|Mixed Platforms.ActiveCfg = Debug1660|Any CPU
		{B3C8D4E2-995A-4C38-BD45-0C5D16E21CC3}.Debug422|Mixed Platforms.Build.0 = Debug1660|Any CPU
		{B3C8D4E2-995A-4C38-BD45-0C5D16E21CC3}.Debug422|Win32.ActiveCfg = Debug1660|Any CPU
		{B3C8D4E2-995A-4C38-BD45-0C5D16E21CC3}.Debug997|Any CPU.ActiveCfg = Debug1660|Any CPU
		{B3C8D4E2-995A-4C38-BD45-0C5D16E21CC3}.Debug997|Any CPU.Build.0 = Debug1660|Any CPU
		{B3C8D4E2-995A-4C38-BD45-0C5D16E21CC3}.Debug997|Mixed Platforms.ActiveCfg = Debug1660|Any CPU
		{B3C8D4E2-995A-4C38-BD45-0C5D16E21CC3}.Debug997|Mixed Platforms.Build.0 = Debug1660|Any CPU
		{B3C8D4E2-995A-4C38-BD45-0C5D16E21CC3}.Debug997|Win32.ActiveCfg = Debug1660|Any CPU
		{B3C8D4E2-995A-4C38-BD45-0C5D16E21CC3}.Release|Any CPU.ActiveCfg = Release1660|Any CPU
		{B3C8D4E2-995A-4C38-BD45-0C5D16E21CC3}.Release|Any CPU.Build.0 = Release1660|Any CPU
		{B3C8D4E2-995A-4C38-BD45-0C5D16E21CC3}.Release|Mixed Platforms.ActiveCfg = Release1660|Any CPU
		{B3C8D4E2-995A-4C38-BD45-0C5D16E21CC3}.Release|Mixed Platforms.Build.0 = Release1660|Any CPU
		{B3C8D4E2-995A-4C38-BD45-0C5D16E21CC3}.Release|Win32.ActiveCfg = Release1660|Any CPU
		{B3C8D4E2-995A-4C38-BD45-0C5D16E21CC3}.Release1076|Any CPU.ActiveCfg = Release1660|Any CPU
		{B3C8D4E2-995A-4C38-BD45-0C5D16E21CC3}.Release1076|Any CPU.Build.0 = Release1660|Any CPU
		{B3C8D4E2-995A-4C38-BD45-0C5D16E21CC3}.Release1076|Mixed Platforms.ActiveCfg = Release1660|Any CPU
		{B3C8D4E2-995A-4C38-BD45-0C5D16E21CC3}.Release1076|Mixed Platforms.Build.0 = Release1660|Any CPU
		{B3C8D4E2-995A-4C38-BD45-0C5D16E21CC3}.Release1076|Win32.ActiveCfg = Release1660|Any CPU
		{B3C8D4E2-995A-4C38-BD45-0C5D16E21CC3}.Release1105|Any CPU.ActiveCfg = Release1660|Any CPU
		{B3C8D4E2-995A-4C38-BD45-0C5D16E21CC3}.Release1105|Any CPU.Build.0 = Release1660|Any CPU
		{B3C8D4E2-995A-4C38-BD45-0C5D16E21CC3}.Release1105|Mixed Platforms.ActiveCfg = Release1660|Any CPU
		{B3C8D4E2-995A-4C38-BD45-0C5D16E21CC3}.Release1105|Mixed Platforms.Build.0 = Release1660|Any CPU
		{B3C8D4E2-995A-4C38-BD45-0C5D16E21CC3}.Release1105|Win32.ActiveCfg = Release1660|Any CPU
		{B3C8D4E2-995A-4C38-BD45-0C5D16E21CC3}.Release1264|Any CPU.ActiveCfg = Release1660|Any CPU
		{B3C8D4E2-995A-4C38-BD45-0C5D16E21CC3}.Release1264|Any CPU.Build.0 = Release1660|Any CPU
		{B3C8D4E2-995A-4C38-BD45-0C5D16E21CC3}.Release1264|Mixed Platforms.ActiveCfg = Release1660|Any CPU
		{B3C8D4E2-995A-4C38-BD45-0C5D16E21CC3}.Release1264|Mixed Platforms.Build.0 = Release1660|Any CPU
		{B3C8D4E2-995A-4C38-BD45-0C5D16E21CC3}.Release1264|Win32.ActiveCfg = Release1660|Any CPU
		{B3C8D4E2-995A-4C38-BD45-0C5D16E21CC3}.Release1330|Any CPU.ActiveCfg = Release1660|Any CPU
		{B3C8D4E2-995A-4C38-BD45-0C5D16E21CC3}.Release1330|Any CPU.Build.0 = Release1660|Any CPU
		{B3C8D4E2-995A-4C38-BD45-0C5D16E21CC3}.Release1330|Mixed Platforms.ActiveCfg = Release1660|Any CPU
		{B3C8D4E2-995A-4C38-BD45-0C5D16E21CC3}.Release1330|Mixed Platforms.Build.0 = Release1660|Any CPU
		{B3C8D4E2-995A-4C38-BD45-0C5D16E21CC3}.Release1330|Win32.ActiveCfg = Release1660|Any CPU
		{B3C8D4E2-995A-4C38-BD45-0C5D16E21CC3}.Release1395|Any CPU.ActiveCfg = Release1660|Any CPU
		{B3C8D4E2-995A-4C38-BD45-0C5D16E21CC3}.Release1395|Any CPU.Build.0 = Release1660|Any CPU
		{B3C8D4E2-995A-4C38-BD45-0C5D16E21CC3}.Release1395|Mixed Platforms.ActiveCfg = Release1660|Any CPU
		{B3C8D4E2-995A-4C38-BD45-0C5D16E21CC3}.Release1395|Mixed Platforms.Build.0 = Release1660|Any CPU
		{B3C8D4E2-995A-4C38-BD45-0C5D16E21CC3}.Release1395|Win32.ActiveCfg = Release1660|Any CPU
		{B3C8D4E2-995A-4C38-BD45-0C5D16E21CC3}.Release1600|Any CPU.ActiveCfg = Release1660|Any CPU
		{B3C8D4E2-995A-4C38-BD45-0C5D16E21CC3}.Release1600|Any CPU.Build.0 = Release1660|Any CPU
		{B3C8D4E2-995A-4C38-BD45-0C5D16E21CC3}.Release1600|Mixed Platforms.ActiveCfg = Release1660|Any CPU
		{B3C8D4E2-995A-4C38-BD45-0C5D16E21CC3}.Release1600|Mixed Platforms.Build.0 = Release1660|Any CPU
		{B3C8D4E2-995A-4C38-BD45-0C5D16E21CC3}.Release1600|Win32.ActiveCfg = Release1660|Any CPU
		{B3C8D4E2-995A-4C38-BD45-0C5D16E21CC3}.Release1660|Any CPU.ActiveCfg = Release1660|Any CPU
		{B3C8D4E2-995A-4C38-BD45-0C5D16E21CC3}.Release1660|Any CPU.Build.0 = Release1660|Any CPU
		{B3C8D4E2-995A-4C38-BD45-0C5D16E21CC3}.Release1660|Mixed Platforms.ActiveCfg = Release1660|Any CPU
		{B3C8D4E2-995A-4C38-BD45-0C5D16E21CC3}.Release1660|Mixed Platforms.Build.0 = Release1660|Any CPU
		{B3C8D4E2-995A-4C38-BD45-0C5D16E21CC3}.Release1660|Win32.ActiveCfg = Release1660|Any CPU
		{B3C8D4E2-995A-4C38-BD45-0C5D16E21CC3}.Release270|Any CPU.ActiveCfg = Release1660|Any CPU
		{B3C8D4E2-995A-4C38-BD45-0C5D16E21CC3}.Release270|Any CPU.Build.0 = Release1660|Any CPU
		{B3C8D4E2-995A-4C38-BD45-0C5D16E21CC3}.Release270|Mixed Platforms.ActiveCfg = Release1660|Any CPU
		{B3C8D4E2-995A-4C38-BD45-0C5D16E21CC3}.Release270|Mixed Platforms.Build.0 = Release1660|Any CPU
		{B3C8D4E2-995A-4C38-BD45-0C5D16E21CC3}.Release270|Win32.ActiveCfg = Release1660|Any CPU
		{B3C8D4E2-995A-4C38-BD45-0C5D16E21CC3}.Release422|Any CPU.ActiveCfg = Release1660|Any CPU
		{B3C8D4E2-995A-4C38-BD45-0C5D16E21CC3}.Release422|Any CPU.Build.0 = Release1660|Any CPU
		{B3C8D4E2-995A-4C38-BD45-0C5D16E21CC3}.Release422|Mixed Platforms.ActiveCfg = Release1660|Any CPU
		{B3C8D4E2-995A-4C38-BD45-0C5D16E21CC3}.Release422|Mixed Platforms.Build.0 = Release1660|Any CPU
		{B3C8D4E2-995A-4C38-BD45-0C5D16E21CC3}.Release422|Win32.ActiveCfg = Release1660|Any CPU
		{B3C8D4E2-995A-4C38-BD45-0C5D16E21CC3}.Release997|Any CPU.ActiveCfg = Release1660|Any CPU
		{B3C8D4E2-995A-4C38-BD45-0C5D16E21CC3}.Release997|Any CPU.Build.0 = Release1660|Any CPU
		{B3C8D4E2-995A-4C38-BD45-0C5D16E21CC3}.Release997|Mixed Platforms.ActiveCfg = Release1660|Any CPU
		{B3C8D4E2-995A-4C38-BD45-0C5D16E21CC3}.Release997|Mixed Platforms.Build.0 = Release1660|Any CPU
		{B3C8D4E2-995A-4C38-BD45-0C5D16E21CC3}.Release997|Win32.ActiveCfg = Release1660|Any CPU
		{2103AE08-B417-45CE-8761-BF3E2071FA88}.Debug|Any CPU.ActiveCfg = Debug1660|Any CPU
		{2103AE08-B417-45CE-8761-BF3E2071FA88}.Debug|Any CPU.Build.0 = Debug1660|Any CPU
		{2103AE08-B417-45CE-8761-BF3E2071FA88}.Debug|Mixed Platforms.ActiveCfg = Debug1660|Any CPU
		{2103AE08-B417-45CE-8761-BF3E2071FA88}.Debug|Mixed Platforms.Build.0 = Debug1660|Any CPU
		{2103AE08-B417-45CE-8761-BF3E2071FA88}.Debug|Win32.ActiveCfg = Debug1660|Any CPU
		{2103AE08-B417-45CE-8761-BF3E2071FA88}.Debug1076|Any CPU.ActiveCfg = Debug1660|Any CPU
		{2103AE08-B417-45CE-8761-BF3E2071FA88}.Debug1076|Any CPU.Build.0 = Debug1660|Any CPU
		{2103AE08-B417-45CE-8761-BF3E2071FA88}.Debug1076|Mixed Platforms.ActiveCfg = Debug1660|Any CPU
		{2103AE08-B417-45CE-8761-BF3E2071FA88}.Debug1076|Mixed Platforms.Build.0 = Debug1660|Any CPU
		{2103AE08-B417-45CE-8761-BF3E2071FA88}.Debug1076|Win32.ActiveCfg = Debug1660|Any CPU
		{2103AE08-B417-45CE-8761-BF3E2071FA88}.Debug1105|Any CPU.ActiveCfg = Debug1660|Any CPU
		{2103AE08-B417-45CE-8761-BF3E2071FA88}.Debug1105|Any CPU.Build.0 = Debug1660|Any CPU
		{2103AE08-B417-45CE-8761-BF3E2071FA88}.Debug1105|Mixed Platforms.ActiveCfg = Debug1660|Any CPU
		{2103AE08-B417-45CE-8761-BF3E2071FA88}.Debug1105|Mixed Platforms.Build.0 = Debug1660|Any CPU
		{2103AE08-B417-45CE-8761-BF3E2071FA88}.Debug1105|Win32.ActiveCfg = Debug1660|Any CPU
		{2103AE08-B417-45CE-8761-BF3E2071FA88}.Debug1264|Any CPU.ActiveCfg = Debug1660|Any CPU
		{2103AE08-B417-45CE-8761-BF3E2071FA88}.Debug1264|Any CPU.Build.0 = Debug1660|Any CPU
		{2103AE08-B417-45CE-8761-BF3E2071FA88}.Debug1264|Mixed Platforms.ActiveCfg = Debug1660|Any CPU
		{2103AE08-B417-45CE-8761-BF3E2071FA88}.Debug1264|Mixed Platforms.Build.0 = Debug1660|Any CPU
		{2103AE08-B417-45CE-8761-BF3E2071FA88}.Debug1264|Win32.ActiveCfg = Debug1660|Any CPU
		{2103AE08-B417-45CE-8761-BF3E2071FA88}.Debug1330|Any CPU.ActiveCfg = Debug1660|Any CPU
		{2103AE08-B417-45CE-8761-BF3E2071FA88}.Debug1330|Any CPU.Build.0 = Debug1660|Any CPU
		{2103AE08-B417-45CE-8761-BF3E2071FA88}.Debug1330|Mixed Platforms.ActiveCfg = Debug1660|Any CPU
		{2103AE08-B417-45CE-8761-BF3E2071FA88}.Debug1330|Mixed Platforms.Build.0 = Debug1660|Any CPU
		{2103AE08-B417-45CE-8761-BF3E2071FA88}.Debug1330|Win32.ActiveCfg = Debug1660|Any CPU
		{2103AE08-B417-45CE-8761-BF3E2071FA88}.Debug1395|Any CPU.ActiveCfg = Debug1660|Any CPU
		{2103AE08-B417-45CE-8761-BF3E2071FA88}.Debug1395|Any CPU.Build.0 = Debug1660|Any CPU
		{2103AE08-B417-45CE-8761-BF3E2071FA88}.Debug1395|Mixed Platforms.ActiveCfg = Debug1660|Any CPU
		{2103AE08-B417-45CE-8761-BF3E2071FA88}.Debug1395|Mixed Platforms.Build.0 = Debug1660|Any CPU
		{2103AE08-B417-45CE-8761-BF3E2071FA88}.Debug1395|Win32.ActiveCfg = Debug1660|Any CPU
		{2103AE08-B417-45CE-8761-BF3E2071FA88}.Debug1600|Any CPU.ActiveCfg = Debug1660|Any CPU
		{2103AE08-B417-45CE-8761-BF3E2071FA88}.Debug1600|Any CPU.Build.0 = Debug1660|Any CPU
		{2103AE08-B417-45CE-8761-BF3E2071FA88}.Debug1600|Mixed Platforms.ActiveCfg = Debug1660|Any CPU
		{2103AE08-B417-45CE-8761-BF3E2071FA88}.Debug1600|Mixed Platforms.Build.0 = Debug1660|Any CPU
		{2103AE08-B417-45CE-8761-BF3E2071FA88}.Debug1600|Win32.ActiveCfg = Debug1660|Any CPU
		{2103AE08-B417-45CE-8761-BF3E2071FA88}.Debug1660|Any CPU.ActiveCfg = Debug1660|Any CPU
		{2103AE08-B417-45CE-8761-BF3E2071FA88}.Debug1660|Any CPU.Build.0 = Debug1660|Any CPU
		{2103AE08-B417-45CE-8761-BF3E2071FA88}.Debug1660|Mixed Platforms.ActiveCfg = Debug1660|Any CPU
		{2103AE08-B417-45CE-8761-BF3E2071FA88}.Debug1660|Mixed Platforms.Build.0 = Debug1660|Any CPU
		{2103AE08-B417-45CE-8761-BF3E2071FA88}.Debug1660|Win32.ActiveCfg = Debug1660|Any CPU
		{2103AE08-B417-45CE-8761-BF3E2071FA88}.Debug270|Any CPU.ActiveCfg = Debug1660|Any CPU
		{2103AE08-B417-45CE-8761-BF3E2071FA88}.Debug270|Any CPU.Build.0 = Debug1660|Any CPU
		{2103AE08-B417-45CE-8761-BF3E2071FA88}.Debug270|Mixed Platforms.ActiveCfg = Debug1660|Any CPU
		{2103AE08-B417-45CE-8761-BF3E2071FA88}.Debug270|Mixed Platforms.Build.0 = Debug1660|Any CPU
		{2103AE08-B417-45CE-8761-BF3E2071FA88}.Debug270|Win32.ActiveCfg = Debug1660|Any CPU
		{2103AE08-B417-45CE-8761-BF3E2071FA88}.Debug422|Any CPU.ActiveCfg = Debug1660|Any CPU
		{2103AE08-B417-45CE-8761-BF3E2071FA88}.Debug422|Any CPU.Build.0 = Debug1660|Any CPU
		{2103AE08-B417-45CE-8761-BF3E2071FA88}.Debug422|Mixed Platforms.ActiveCfg = Debug1660|Any CPU
		{2103AE08-B417-45CE-8761-BF3E2071FA88}.Debug422|Mixed Platforms.Build.0 = Debug1660|Any CPU
		{2103AE08-B417-45CE-8761-BF3E2071FA88}.Debug422|Win32.ActiveCfg = Debug1660|Any CPU
		{2103AE08-B417-45CE-8761-BF3E2071FA88}.Debug997|Any CPU.ActiveCfg = Debug1660|Any CPU
		{2103AE08-B417-45CE-8761-BF3E2071FA88}.Debug997|Any CPU.Build.0 = Debug1660|Any CPU
		{2103AE08-B417-45CE-8761-BF3E2071FA88}.Debug997|Mixed Platforms.ActiveCfg = Debug1660|Any CPU
		{2103AE08-B417-45CE-8761-BF3E2071FA88}.Debug997|Mixed Platforms.Build.0 = Debug1660|Any CPU
		{2103AE08-B417-45CE-8761-BF3E2071FA88}.Debug997|Win32.ActiveCfg = Debug1660|Any CPU
		{2103AE08-B417-45CE-8761-BF3E2071FA88}.Release|Any CPU.ActiveCfg = Release1660|Any CPU
		{2103AE08-B417-45CE-8761-BF3E2071FA88}.Release|Any CPU.Build.0 = Release1660|Any CPU
		{2103AE08-B417-45CE-8761-BF3E2071FA88}.Release|Mixed Platforms.ActiveCfg = Release1660|Any CPU
		{2103AE08-B417-45CE-8761-BF3E2071FA88}.Release|Mixed Platforms.Build.0 = Release1660|Any CPU
		{2103AE08-B417-45CE-8761-BF3E2071FA88}.Release|Win32.ActiveCfg = Release1660|Any CPU
		{2103AE08-B417-45CE-8761-BF3E2071FA88}.Release1076|Any CPU.ActiveCfg = Release1660|Any CPU
		{2103AE08-B417-45CE-8761-BF3E2071FA88}.Release1076|Any CPU.Build.0 = Release1660|Any CPU
		{2103AE08-B417-45CE-8761-BF3E2071FA88}.Release1076|Mixed Platforms.ActiveCfg = Release1660|Any CPU
		{2103AE08-B417-45CE-8761-BF3E2071FA88}.Release1076|Mixed Platforms.Build.0 = Release1660|Any CPU
		{2103AE08-B417-45CE-8761-BF3E2071FA88}.Release1076|Win32.ActiveCfg = Release1660|Any CPU
		{2103AE08-B417-45CE-8761-BF3E2071FA88}.Release1105|Any CPU.ActiveCfg = Release1660|Any CPU
		{2103AE08-B417-45CE-8761-BF3E2071FA88}.Release1105|Any CPU.Build.0 = Release1660|Any CPU
		{2103AE08-B417-45CE-8761-BF3E2071FA88}.Release1105|Mixed Platforms.ActiveCfg = Release1660|Any CPU
		{2103AE08-B417-45CE-8761-BF3E2071FA88}.Release1105|Mixed Platforms.Build.0 = Release1660|Any CPU
		{2103AE08-B417-45CE-8761-BF3E2071FA88}.Release1105|Win32.ActiveCfg = Release1660|Any CPU
		{2103AE08-B417-45CE-8761-BF3E2071FA88}.Release1264|Any CPU.ActiveCfg = Release1660|Any CPU
		{2103AE08-B417-45CE-8761-BF3E2071FA88}.Release1264|Any CPU.Build.0 = Release1660|Any CPU
		{2103AE08-B417-45CE-8761-BF3E2071FA88}.Release1264|Mixed Platforms.ActiveCfg = Release1660|Any CPU
		{2103AE08-B417-45CE-8761-BF3E2071FA88}.Release1264|Mixed Platforms.Build.0 = Release1660|Any CPU
		{2103AE08-B417-45CE-8761-BF3E2071FA88}.Release1264|Win32.ActiveCfg = Release1660|Any CPU
		{2103AE08-B417-45CE-8761-BF3E2071FA88}.Release1330|Any CPU.ActiveCfg = Release1660|Any CPU
		{2103AE08-B417-45CE-8761-BF3E2071FA88}.Release1330|Any CPU.Build.0 = Release1660|Any CPU
		{2103AE08-B417-45CE-8761-BF3E2071FA88}.Release1330|Mixed Platforms.ActiveCfg = Release1660|Any CPU
		{2103AE08-B417-45CE-8761-BF3E2071FA88}.Release1330|Mixed Platforms.Build.0 = Release1660|Any CPU
		{2103AE08-B417-45CE-8761-BF3E2071FA88}.Release1330|Win32.ActiveCfg = Release1660|Any CPU
		{2103AE08-B417-45CE-8761-BF3E2071FA88}.Release1395|Any CPU.ActiveCfg = Release1660|Any CPU
		{2103AE08-B417-45CE-8761-BF3E2071FA88}.Release1395|Any CPU.Build.0 = Release1660|Any CPU
		{2103AE08-B417-45CE-8761-BF3E2071FA88}.Release1395|Mixed Platforms.ActiveCfg = Release1660|Any CPU
		{2103AE08-B417-45CE-8761-BF3E2071FA88}.Release1395|Mixed Platforms.Build.0 = Release1660|Any CPU
		{2103AE08-B417-45CE-8761-BF3E2071FA88}.Release1395|Win32.ActiveCfg = Release1660|Any CPU
		{2103AE08-B417-45CE-8761-BF3E2071FA88}.Release1600|Any CPU.ActiveCfg = Release1660|Any CPU
		{2103AE08-B417-45CE-8761-BF3E2071FA88}.Release1600|Any CPU.Build.0 = Release1660|Any CPU
		{2103AE08-B417-45CE-8761-BF3E2071FA88}.Release1600|Mixed Platforms.ActiveCfg = Release1660|Any CPU
		{2103AE08-B417-45CE-8761-BF3E2071FA88}.Release1600|Mixed Platforms.Build.0 = Release1660|Any CPU
		{2103AE08-B417-45CE-8761-BF3E2071FA88}.Release1600|Win32.ActiveCfg = Release1660|Any CPU
		{2103AE08-B417-45CE-8761-BF3E2071FA88}.Release1660|Any CPU.ActiveCfg = Release1660|Any CPU
		{2103AE08-B417-45CE-8761-BF3E2071FA88}.Release1660|Any CPU.Build.0 = Release1660|Any CPU
		{2103AE08-B417-45CE-8761-BF3E2071FA88}.Release1660|Mixed Platforms.ActiveCfg = Release1660|Any CPU
		{2103AE08-B417-45CE-8761-BF3E2071FA88}.Release1660|Mixed Platforms.Build.0 = Release1660|Any CPU
		{2103AE08-B417-45CE-8761-BF3E2071FA88}.Release1660|Win32.ActiveCfg = Release1660|Any CPU
		{2103AE08-B417-45CE-8761-BF3E2071FA88}.Release270|Any CPU.ActiveCfg = Release1660|Any CPU
		{2103AE08-B417-45CE-8761-BF3E2071FA88}.Release270|Any CPU.Build.0 = Release1660|Any CPU
		{2103AE08-B417-45CE-8761-BF3E2071FA88}.Release270|Mixed Platforms.ActiveCfg = Release1660|Any CPU
		{2103AE08-B417-45CE-8761-BF3E2071FA88}.Release270|Mixed Platforms.Build.0 = Release1660|Any CPU
		{2103AE08-B417-45CE-8761-BF3E2071FA88}.Release270|Win32.ActiveCfg = Release1660|Any CPU
		{2103AE08-B417-45CE-8761-BF3E2071FA88}.Release422|Any CPU.ActiveCfg = Release1660|Any CPU
		{2103AE08-B417-45CE-8761-BF3E2071FA88}.Release422|Any CPU.Build.0 = Release1660|Any CPU
		{2103AE08-B417-45CE-8761-BF3E2071FA88}.Release422|Mixed Platforms.ActiveCfg = Release1660|Any CPU
		{2103AE08-B417-45CE-8761-BF3E2071FA88}.Release422|Mixed Platforms.Build.0 = Release1660|Any CPU
		{2103AE08-B417-45CE-8761-BF3E2071FA88}.Release422|Win32.ActiveCfg = Release1660|Any CPU
		{2103AE08-B417-45CE-8761-BF3E2071FA88}.Release997|Any CPU.ActiveCfg = Release1660|Any CPU
		{2103AE08-B417-45CE-8761-BF3E2071FA88}.Release997|Any CPU.Build.0 = Release1660|Any CPU
		{2103AE08-B417-45CE-8761-BF3E2071FA88}.Release997|Mixed Platforms.ActiveCfg = Release1660|Any CPU
		{2103AE08-B417-45CE-8761-BF3E2071FA88}.Release997|Mixed Platforms.Build.0 = Release1660|Any CPU
		{2103AE08-B417-45CE-8761-BF3E2071FA88}.Release997|Win32.ActiveCfg = Release1660|Any CPU
	EndGlobalSection
	GlobalSection(SolutionProperties) = preSolution
		HideSolutionNode = FALSE
	EndGlobalSection
EndGlobal
